
Microsoft Visual Studio Solution File, Format Version 12.00
# Visual Studio 15
VisualStudioVersion = 15.0.28307.539
MinimumVisualStudioVersion = 10.0.40219.1
Project("{FAE04EC0-301F-11D3-BF4B-00C04F79EFBC}") = "ExcersiseConsoleAppBase", "ExcersiseConsoleAppBase\ExcersiseConsoleAppBase.csproj", "{7D283D10-D8A1-4759-BAA0-4EB8CC30E0F2}"
EndProject
Global
	GlobalSection(SolutionConfigurationPlatforms) = preSolution
		Debug|Any CPU = Debug|Any CPU
		Release|Any CPU = Release|Any CPU
	EndGlobalSection
	GlobalSection(ProjectConfigurationPlatforms) = postSolution
		{7D283D10-D8A1-4759-BAA0-4EB8CC30E0F2}.Debug|Any CPU.ActiveCfg = Debug|Any CPU
		{7D283D10-D8A1-4759-BAA0-4EB8CC30E0F2}.Debug|Any CPU.Build.0 = Debug|Any CPU
		{7D283D10-D8A1-4759-BAA0-4EB8CC30E0F2}.Release|Any CPU.ActiveCfg = Release|Any CPU
		{7D283D10-D8A1-4759-BAA0-4EB8CC30E0F2}.Release|Any CPU.Build.0 = Release|Any CPU
	EndGlobalSection
	GlobalSection(SolutionProperties) = preSolution
		HideSolutionNode = FALSE
	EndGlobalSection
	GlobalSection(ExtensibilityGlobals) = postSolution
		SolutionGuid = {AAB26A97-7A96-4CAB-85DE-0C5D0D9E6AB8}
	EndGlobalSection
EndGlobal
