
Microsoft Visual Studio Solution File, Format Version 12.00
# Visual Studio Version 16
VisualStudioVersion = 16.0.29230.47
MinimumVisualStudioVersion = 10.0.40219.1
Project("{FAE04EC0-301F-11D3-BF4B-00C04F79EFBC}") = "Pig latin", "Pig latin\Pig latin.csproj", "{8D6FC1F6-F052-491E-B2AA-E1CB0FCAD16F}"
EndProject
Global
	GlobalSection(SolutionConfigurationPlatforms) = preSolution
		Debug|Any CPU = Debug|Any CPU
		Release|Any CPU = Release|Any CPU
	EndGlobalSection
	GlobalSection(ProjectConfigurationPlatforms) = postSolution
		{8D6FC1F6-F052-491E-B2AA-E1CB0FCAD16F}.Debug|Any CPU.ActiveCfg = Debug|Any CPU
		{8D6FC1F6-F052-491E-B2AA-E1CB0FCAD16F}.Debug|Any CPU.Build.0 = Debug|Any CPU
		{8D6FC1F6-F052-491E-B2AA-E1CB0FCAD16F}.Release|Any CPU.ActiveCfg = Release|Any CPU
		{8D6FC1F6-F052-491E-B2AA-E1CB0FCAD16F}.Release|Any CPU.Build.0 = Release|Any CPU
	EndGlobalSection
	GlobalSection(SolutionProperties) = preSolution
		HideSolutionNode = FALSE
	EndGlobalSection
	GlobalSection(ExtensibilityGlobals) = postSolution
		SolutionGuid = {075B7A91-B2EA-42B4-8054-C7E402F983CE}
	EndGlobalSection
EndGlobal
