
Microsoft Visual Studio Solution File, Format Version 12.00
# Visual Studio Version 16
VisualStudioVersion = 16.0.29230.47
MinimumVisualStudioVersion = 10.0.40219.1
Project("{FAE04EC0-301F-11D3-BF4B-00C04F79EFBC}") = "CountVowels", "CountVowels\CountVowels.csproj", "{4B11F683-66B0-45ED-881F-E36D9D2DF12B}"
EndProject
Global
	GlobalSection(SolutionConfigurationPlatforms) = preSolution
		Debug|Any CPU = Debug|Any CPU
		Release|Any CPU = Release|Any CPU
	EndGlobalSection
	GlobalSection(ProjectConfigurationPlatforms) = postSolution
		{4B11F683-66B0-45ED-881F-E36D9D2DF12B}.Debug|Any CPU.ActiveCfg = Debug|Any CPU
		{4B11F683-66B0-45ED-881F-E36D9D2DF12B}.Debug|Any CPU.Build.0 = Debug|Any CPU
		{4B11F683-66B0-45ED-881F-E36D9D2DF12B}.Release|Any CPU.ActiveCfg = Release|Any CPU
		{4B11F683-66B0-45ED-881F-E36D9D2DF12B}.Release|Any CPU.Build.0 = Release|Any CPU
	EndGlobalSection
	GlobalSection(SolutionProperties) = preSolution
		HideSolutionNode = FALSE
	EndGlobalSection
	GlobalSection(ExtensibilityGlobals) = postSolution
		SolutionGuid = {BB5DF268-82E3-41B5-A8D9-DD6FC0931919}
	EndGlobalSection
EndGlobal
